
Microsoft Visual Studio Solution File, Format Version 12.00
# Visual Studio Version 16
VisualStudioVersion = 16.0.30717.126
MinimumVisualStudioVersion = 10.0.40219.1
Project("{FAE04EC0-301F-11D3-BF4B-00C04F79EFBC}") = "Assignment3", "Assignment3\Assignment3.csproj", "{4BB73273-3C19-471A-834C-2882718207B8}"
EndProject
Global
	GlobalSection(SolutionConfigurationPlatforms) = preSolution
		Debug|Any CPU = Debug|Any CPU
		Release|Any CPU = Release|Any CPU
	EndGlobalSection
	GlobalSection(ProjectConfigurationPlatforms) = postSolution
		{4BB73273-3C19-471A-834C-2882718207B8}.Debug|Any CPU.ActiveCfg = Debug|Any CPU
		{4BB73273-3C19-471A-834C-2882718207B8}.Debug|Any CPU.Build.0 = Debug|Any CPU
		{4BB73273-3C19-471A-834C-2882718207B8}.Release|Any CPU.ActiveCfg = Release|Any CPU
		{4BB73273-3C19-471A-834C-2882718207B8}.Release|Any CPU.Build.0 = Release|Any CPU
	EndGlobalSection
	GlobalSection(SolutionProperties) = preSolution
		HideSolutionNode = FALSE
	EndGlobalSection
	GlobalSection(ExtensibilityGlobals) = postSolution
		SolutionGuid = {FF56AC76-B300-43DE-BC2F-54AD4EA01B56}
	EndGlobalSection
EndGlobal
